// !$*UTF8*$!
{
	archiveVersion = 1;
	classes = {
	};
	objectVersion = 55;
	objects = {

/* Begin PBXBuildFile section */
		30303DD827D222E7002AFD89 /* CourseModel.swift in Sources */ = {isa = PBXBuildFile; fileRef = 30303DD727D222E7002AFD89 /* CourseModel.swift */; };
		30303DDA27D22B60002AFD89 /* CourseData.json in Resources */ = {isa = PBXBuildFile; fileRef = 30303DD927D22B60002AFD89 /* CourseData.json */; };
		30303DDC27D22B6F002AFD89 /* LoadFromFile.swift in Sources */ = {isa = PBXBuildFile; fileRef = 30303DDB27D22B6F002AFD89 /* LoadFromFile.swift */; };
		30303DDE27D22B95002AFD89 /* PreviewData.swift in Sources */ = {isa = PBXBuildFile; fileRef = 30303DDD27D22B95002AFD89 /* PreviewData.swift */; };
		30303DE027D22DF1002AFD89 /* Color+Ext.swift in Sources */ = {isa = PBXBuildFile; fileRef = 30303DDF27D22DF1002AFD89 /* Color+Ext.swift */; };
		30303DE327D257CB002AFD89 /* SectionQuery.graphql in Resources */ = {isa = PBXBuildFile; fileRef = 30303DE227D257CB002AFD89 /* SectionQuery.graphql */; };
		30303DE527D258DB002AFD89 /* SectionModel.swift in Sources */ = {isa = PBXBuildFile; fileRef = 30303DE427D258DB002AFD89 /* SectionModel.swift */; };
		30303DE727D25A68002AFD89 /* SectionViewModel.swift in Sources */ = {isa = PBXBuildFile; fileRef = 30303DE627D25A68002AFD89 /* SectionViewModel.swift */; };
		30303DE927D27600002AFD89 /* SectionsView.swift in Sources */ = {isa = PBXBuildFile; fileRef = 30303DE827D27600002AFD89 /* SectionsView.swift */; };
		30303DEB27D276F6002AFD89 /* SectionList.swift in Sources */ = {isa = PBXBuildFile; fileRef = 30303DEA27D276F6002AFD89 /* SectionList.swift */; };
		303E33E827CEF164006C113F /* Apollo in Frameworks */ = {isa = PBXBuildFile; productRef = 303E33E727CEF164006C113F /* Apollo */; };
		3068F88027D777AE00F1CDD9 /* ProfileIcon.swift in Sources */ = {isa = PBXBuildFile; fileRef = 3068F87F27D777AE00F1CDD9 /* ProfileIcon.swift */; };
		3068F88627D7788C00F1CDD9 /* ResetPasswordView.swift in Sources */ = {isa = PBXBuildFile; fileRef = 3068F88127D7788C00F1CDD9 /* ResetPasswordView.swift */; };
		3068F88727D7788C00F1CDD9 /* SignInView.swift in Sources */ = {isa = PBXBuildFile; fileRef = 3068F88227D7788C00F1CDD9 /* SignInView.swift */; };
		3068F88827D7788C00F1CDD9 /* SignUpView.swift in Sources */ = {isa = PBXBuildFile; fileRef = 3068F88327D7788C00F1CDD9 /* SignUpView.swift */; };
		3068F88927D7788C00F1CDD9 /* GradientIcon.swift in Sources */ = {isa = PBXBuildFile; fileRef = 3068F88427D7788C00F1CDD9 /* GradientIcon.swift */; };
		3068F88A27D7788C00F1CDD9 /* GradientButton.swift in Sources */ = {isa = PBXBuildFile; fileRef = 3068F88527D7788C00F1CDD9 /* GradientButton.swift */; };
		3068F88C27D778A300F1CDD9 /* ModalManager.swift in Sources */ = {isa = PBXBuildFile; fileRef = 3068F88B27D778A300F1CDD9 /* ModalManager.swift */; };
		3068F88E27D7793200F1CDD9 /* ModalManagerView.swift in Sources */ = {isa = PBXBuildFile; fileRef = 3068F88D27D7793200F1CDD9 /* ModalManagerView.swift */; };
		30878A7E27CA9A6D006AE172 /* SwiftUIConcurrencyApp.swift in Sources */ = {isa = PBXBuildFile; fileRef = 30878A7D27CA9A6D006AE172 /* SwiftUIConcurrencyApp.swift */; };
		30878A8027CA9A6D006AE172 /* ContentView.swift in Sources */ = {isa = PBXBuildFile; fileRef = 30878A7F27CA9A6D006AE172 /* ContentView.swift */; };
		30878A8227CA9A6F006AE172 /* Assets.xcassets in Resources */ = {isa = PBXBuildFile; fileRef = 30878A8127CA9A6F006AE172 /* Assets.xcassets */; };
		30878A8527CA9A6F006AE172 /* Preview Assets.xcassets in Resources */ = {isa = PBXBuildFile; fileRef = 30878A8427CA9A6F006AE172 /* Preview Assets.xcassets */; };
		30878A8D27CAA0DA006AE172 /* DateTitle.swift in Sources */ = {isa = PBXBuildFile; fileRef = 30878A8C27CAA0DA006AE172 /* DateTitle.swift */; };
		30878A8F27CAA5E3006AE172 /* HomeView.swift in Sources */ = {isa = PBXBuildFile; fileRef = 30878A8E27CAA5E2006AE172 /* HomeView.swift */; };
		30878A9327CAA6F6006AE172 /* FeaturedCourseCard.swift in Sources */ = {isa = PBXBuildFile; fileRef = 30878A9227CAA6F6006AE172 /* FeaturedCourseCard.swift */; };
		30878A9527CAAAAC006AE172 /* FeaturedCourseList.swift in Sources */ = {isa = PBXBuildFile; fileRef = 30878A9427CAAAAC006AE172 /* FeaturedCourseList.swift */; };
		30878A9727CAAF3B006AE172 /* CourseCard.swift in Sources */ = {isa = PBXBuildFile; fileRef = 30878A9627CAAF3A006AE172 /* CourseCard.swift */; };
		30878A9927CAB061006AE172 /* CouseList.swift in Sources */ = {isa = PBXBuildFile; fileRef = 30878A9827CAB061006AE172 /* CouseList.swift */; };
		30C0FB5B27D18D1A0098538E /* schema.json in Resources */ = {isa = PBXBuildFile; fileRef = 30C0FB5A27D18D1A0098538E /* schema.json */; };
		30C0FB5D27D18F8A0098538E /* CourseQuery.graphql in Resources */ = {isa = PBXBuildFile; fileRef = 30C0FB5C27D18F8A0098538E /* CourseQuery.graphql */; };
		30C0FB6227D191140098538E /* API.swift in Sources */ = {isa = PBXBuildFile; fileRef = 30C0FB6127D191140098538E /* API.swift */; };
		30C0FB6527D192330098538E /* Network.swift in Sources */ = {isa = PBXBuildFile; fileRef = 30C0FB6427D192330098538E /* Network.swift */; };
		30C0FB6827D193110098538E /* CourseViewModel.swift in Sources */ = {isa = PBXBuildFile; fileRef = 30C0FB6727D193110098538E /* CourseViewModel.swift */; };
/* End PBXBuildFile section */

/* Begin PBXFileReference section */
		30303DD727D222E7002AFD89 /* CourseModel.swift */ = {isa = PBXFileReference; lastKnownFileType = sourcecode.swift; path = CourseModel.swift; sourceTree = "<group>"; };
		30303DD927D22B60002AFD89 /* CourseData.json */ = {isa = PBXFileReference; fileEncoding = 4; lastKnownFileType = text.json; path = CourseData.json; sourceTree = "<group>"; };
		30303DDB27D22B6F002AFD89 /* LoadFromFile.swift */ = {isa = PBXFileReference; fileEncoding = 4; lastKnownFileType = sourcecode.swift; path = LoadFromFile.swift; sourceTree = "<group>"; };
		30303DDD27D22B95002AFD89 /* PreviewData.swift */ = {isa = PBXFileReference; lastKnownFileType = sourcecode.swift; path = PreviewData.swift; sourceTree = "<group>"; };
		30303DDF27D22DF1002AFD89 /* Color+Ext.swift */ = {isa = PBXFileReference; lastKnownFileType = sourcecode.swift; path = "Color+Ext.swift"; sourceTree = "<group>"; };
		30303DE227D257CB002AFD89 /* SectionQuery.graphql */ = {isa = PBXFileReference; lastKnownFileType = text; path = SectionQuery.graphql; sourceTree = "<group>"; };
		30303DE427D258DB002AFD89 /* SectionModel.swift */ = {isa = PBXFileReference; lastKnownFileType = sourcecode.swift; path = SectionModel.swift; sourceTree = "<group>"; };
		30303DE627D25A68002AFD89 /* SectionViewModel.swift */ = {isa = PBXFileReference; lastKnownFileType = sourcecode.swift; path = SectionViewModel.swift; sourceTree = "<group>"; };
		30303DE827D27600002AFD89 /* SectionsView.swift */ = {isa = PBXFileReference; lastKnownFileType = sourcecode.swift; path = SectionsView.swift; sourceTree = "<group>"; };
		30303DEA27D276F6002AFD89 /* SectionList.swift */ = {isa = PBXFileReference; lastKnownFileType = sourcecode.swift; path = SectionList.swift; sourceTree = "<group>"; };
		3068F87F27D777AE00F1CDD9 /* ProfileIcon.swift */ = {isa = PBXFileReference; lastKnownFileType = sourcecode.swift; path = ProfileIcon.swift; sourceTree = "<group>"; };
		3068F88127D7788C00F1CDD9 /* ResetPasswordView.swift */ = {isa = PBXFileReference; fileEncoding = 4; lastKnownFileType = sourcecode.swift; path = ResetPasswordView.swift; sourceTree = "<group>"; };
		3068F88227D7788C00F1CDD9 /* SignInView.swift */ = {isa = PBXFileReference; fileEncoding = 4; lastKnownFileType = sourcecode.swift; path = SignInView.swift; sourceTree = "<group>"; };
		3068F88327D7788C00F1CDD9 /* SignUpView.swift */ = {isa = PBXFileReference; fileEncoding = 4; lastKnownFileType = sourcecode.swift; path = SignUpView.swift; sourceTree = "<group>"; };
		3068F88427D7788C00F1CDD9 /* GradientIcon.swift */ = {isa = PBXFileReference; fileEncoding = 4; lastKnownFileType = sourcecode.swift; path = GradientIcon.swift; sourceTree = "<group>"; };
		3068F88527D7788C00F1CDD9 /* GradientButton.swift */ = {isa = PBXFileReference; fileEncoding = 4; lastKnownFileType = sourcecode.swift; path = GradientButton.swift; sourceTree = "<group>"; };
		3068F88B27D778A300F1CDD9 /* ModalManager.swift */ = {isa = PBXFileReference; lastKnownFileType = sourcecode.swift; path = ModalManager.swift; sourceTree = "<group>"; };
		3068F88D27D7793200F1CDD9 /* ModalManagerView.swift */ = {isa = PBXFileReference; lastKnownFileType = sourcecode.swift; path = ModalManagerView.swift; sourceTree = "<group>"; };
		30878A7A27CA9A6D006AE172 /* SwiftUIConcurrency.app */ = {isa = PBXFileReference; explicitFileType = wrapper.application; includeInIndex = 0; path = SwiftUIConcurrency.app; sourceTree = BUILT_PRODUCTS_DIR; };
		30878A7D27CA9A6D006AE172 /* SwiftUIConcurrencyApp.swift */ = {isa = PBXFileReference; lastKnownFileType = sourcecode.swift; path = SwiftUIConcurrencyApp.swift; sourceTree = "<group>"; };
		30878A7F27CA9A6D006AE172 /* ContentView.swift */ = {isa = PBXFileReference; lastKnownFileType = sourcecode.swift; path = ContentView.swift; sourceTree = "<group>"; };
		30878A8127CA9A6F006AE172 /* Assets.xcassets */ = {isa = PBXFileReference; lastKnownFileType = folder.assetcatalog; path = Assets.xcassets; sourceTree = "<group>"; };
		30878A8427CA9A6F006AE172 /* Preview Assets.xcassets */ = {isa = PBXFileReference; lastKnownFileType = folder.assetcatalog; path = "Preview Assets.xcassets"; sourceTree = "<group>"; };
		30878A8B27CA9C91006AE172 /* SwiftUIConcurrency.entitlements */ = {isa = PBXFileReference; lastKnownFileType = text.plist.entitlements; path = SwiftUIConcurrency.entitlements; sourceTree = "<group>"; };
		30878A8C27CAA0DA006AE172 /* DateTitle.swift */ = {isa = PBXFileReference; lastKnownFileType = sourcecode.swift; path = DateTitle.swift; sourceTree = "<group>"; };
		30878A8E27CAA5E2006AE172 /* HomeView.swift */ = {isa = PBXFileReference; lastKnownFileType = sourcecode.swift; path = HomeView.swift; sourceTree = "<group>"; };
		30878A9227CAA6F6006AE172 /* FeaturedCourseCard.swift */ = {isa = PBXFileReference; lastKnownFileType = sourcecode.swift; path = FeaturedCourseCard.swift; sourceTree = "<group>"; };
		30878A9427CAAAAC006AE172 /* FeaturedCourseList.swift */ = {isa = PBXFileReference; lastKnownFileType = sourcecode.swift; path = FeaturedCourseList.swift; sourceTree = "<group>"; };
		30878A9627CAAF3A006AE172 /* CourseCard.swift */ = {isa = PBXFileReference; lastKnownFileType = sourcecode.swift; path = CourseCard.swift; sourceTree = "<group>"; };
		30878A9827CAB061006AE172 /* CouseList.swift */ = {isa = PBXFileReference; lastKnownFileType = sourcecode.swift; path = CouseList.swift; sourceTree = "<group>"; };
		30C0FB5A27D18D1A0098538E /* schema.json */ = {isa = PBXFileReference; fileEncoding = 4; lastKnownFileType = text.json; path = schema.json; sourceTree = SOURCE_ROOT; };
		30C0FB5C27D18F8A0098538E /* CourseQuery.graphql */ = {isa = PBXFileReference; lastKnownFileType = text; path = CourseQuery.graphql; sourceTree = "<group>"; };
		30C0FB6127D191140098538E /* API.swift */ = {isa = PBXFileReference; fileEncoding = 4; lastKnownFileType = sourcecode.swift; path = API.swift; sourceTree = "<group>"; };
		30C0FB6427D192330098538E /* Network.swift */ = {isa = PBXFileReference; lastKnownFileType = sourcecode.swift; path = Network.swift; sourceTree = "<group>"; };
		30C0FB6727D193110098538E /* CourseViewModel.swift */ = {isa = PBXFileReference; lastKnownFileType = sourcecode.swift; path = CourseViewModel.swift; sourceTree = "<group>"; };
/* End PBXFileReference section */

/* Begin PBXFrameworksBuildPhase section */
		30878A7727CA9A6D006AE172 /* Frameworks */ = {
			isa = PBXFrameworksBuildPhase;
			buildActionMask = 2147483647;
			files = (
				303E33E827CEF164006C113F /* Apollo in Frameworks */,
			);
			runOnlyForDeploymentPostprocessing = 0;
		};
/* End PBXFrameworksBuildPhase section */

/* Begin PBXGroup section */
		30303DD627D222C7002AFD89 /* Model */ = {
			isa = PBXGroup;
			children = (
				30303DD727D222E7002AFD89 /* CourseModel.swift */,
				30303DE427D258DB002AFD89 /* SectionModel.swift */,
			);
			path = Model;
			sourceTree = "<group>";
		};
		30303DE127D257A1002AFD89 /* Queries */ = {
			isa = PBXGroup;
			children = (
				30C0FB5C27D18F8A0098538E /* CourseQuery.graphql */,
				30303DE227D257CB002AFD89 /* SectionQuery.graphql */,
			);
			path = Queries;
			sourceTree = "<group>";
		};
		30878A7127CA9A6D006AE172 = {
			isa = PBXGroup;
			children = (
				30878A7C27CA9A6D006AE172 /* SwiftUIConcurrency */,
				30878A7B27CA9A6D006AE172 /* Products */,
			);
			sourceTree = "<group>";
		};
		30878A7B27CA9A6D006AE172 /* Products */ = {
			isa = PBXGroup;
			children = (
				30878A7A27CA9A6D006AE172 /* SwiftUIConcurrency.app */,
			);
			name = Products;
			sourceTree = "<group>";
		};
		30878A7C27CA9A6D006AE172 /* SwiftUIConcurrency */ = {
			isa = PBXGroup;
			children = (
				30C0FB6127D191140098538E /* API.swift */,
				30C0FB5A27D18D1A0098538E /* schema.json */,
				30878A8B27CA9C91006AE172 /* SwiftUIConcurrency.entitlements */,
				30878A7D27CA9A6D006AE172 /* SwiftUIConcurrencyApp.swift */,
				30303DD627D222C7002AFD89 /* Model */,
				30878A9127CAA612006AE172 /* Views */,
				30C0FB6627D192FD0098538E /* ViewModels */,
				30878A9027CAA5F7006AE172 /* Components */,
				30C0FB6327D1920F0098538E /* Utils */,
				30878A8127CA9A6F006AE172 /* Assets.xcassets */,
				30878A8327CA9A6F006AE172 /* Preview Content */,
				30303DE127D257A1002AFD89 /* Queries */,
			);
			path = SwiftUIConcurrency;
			sourceTree = "<group>";
		};
		30878A8327CA9A6F006AE172 /* Preview Content */ = {
			isa = PBXGroup;
			children = (
				30303DD927D22B60002AFD89 /* CourseData.json */,
				30878A8427CA9A6F006AE172 /* Preview Assets.xcassets */,
				30303DDD27D22B95002AFD89 /* PreviewData.swift */,
			);
			path = "Preview Content";
			sourceTree = "<group>";
		};
		30878A9027CAA5F7006AE172 /* Components */ = {
			isa = PBXGroup;
			children = (
				3068F88527D7788C00F1CDD9 /* GradientButton.swift */,
				3068F88427D7788C00F1CDD9 /* GradientIcon.swift */,
				3068F88127D7788C00F1CDD9 /* ResetPasswordView.swift */,
				3068F88227D7788C00F1CDD9 /* SignInView.swift */,
				3068F88327D7788C00F1CDD9 /* SignUpView.swift */,
				3068F87F27D777AE00F1CDD9 /* ProfileIcon.swift */,
				30878A9627CAAF3A006AE172 /* CourseCard.swift */,
				30878A9827CAB061006AE172 /* CouseList.swift */,
				30878A9227CAA6F6006AE172 /* FeaturedCourseCard.swift */,
				30878A9427CAAAAC006AE172 /* FeaturedCourseList.swift */,
				30878A8C27CAA0DA006AE172 /* DateTitle.swift */,
				30303DEA27D276F6002AFD89 /* SectionList.swift */,
			);
			path = Components;
			sourceTree = "<group>";
		};
		30878A9127CAA612006AE172 /* Views */ = {
			isa = PBXGroup;
			children = (
				30878A7F27CA9A6D006AE172 /* ContentView.swift */,
				30878A8E27CAA5E2006AE172 /* HomeView.swift */,
				30303DE827D27600002AFD89 /* SectionsView.swift */,
				3068F88D27D7793200F1CDD9 /* ModalManagerView.swift */,
			);
			path = Views;
			sourceTree = "<group>";
		};
		30C0FB6327D1920F0098538E /* Utils */ = {
			isa = PBXGroup;
			children = (
				30303DDB27D22B6F002AFD89 /* LoadFromFile.swift */,
				30C0FB6427D192330098538E /* Network.swift */,
				30303DDF27D22DF1002AFD89 /* Color+Ext.swift */,
				3068F88B27D778A300F1CDD9 /* ModalManager.swift */,
			);
			path = Utils;
			sourceTree = "<group>";
		};
		30C0FB6627D192FD0098538E /* ViewModels */ = {
			isa = PBXGroup;
			children = (
				30C0FB6727D193110098538E /* CourseViewModel.swift */,
				30303DE627D25A68002AFD89 /* SectionViewModel.swift */,
			);
			path = ViewModels;
			sourceTree = "<group>";
		};
/* End PBXGroup section */

/* Begin PBXNativeTarget section */
		30878A7927CA9A6D006AE172 /* SwiftUIConcurrency */ = {
			isa = PBXNativeTarget;
			buildConfigurationList = 30878A8827CA9A6F006AE172 /* Build configuration list for PBXNativeTarget "SwiftUIConcurrency" */;
			buildPhases = (
				3006E0E127CF055400AF8021 /* Apollo */,
				30878A7627CA9A6D006AE172 /* Sources */,
				30878A7727CA9A6D006AE172 /* Frameworks */,
				30878A7827CA9A6D006AE172 /* Resources */,
			);
			buildRules = (
			);
			dependencies = (
			);
			name = SwiftUIConcurrency;
			packageProductDependencies = (
				303E33E727CEF164006C113F /* Apollo */,
			);
			productName = SwiftUIConcurrency;
			productReference = 30878A7A27CA9A6D006AE172 /* SwiftUIConcurrency.app */;
			productType = "com.apple.product-type.application";
		};
/* End PBXNativeTarget section */

/* Begin PBXProject section */
		30878A7227CA9A6D006AE172 /* Project object */ = {
			isa = PBXProject;
			attributes = {
				BuildIndependentTargetsInParallel = 1;
				LastSwiftUpdateCheck = 1320;
				LastUpgradeCheck = 1320;
				TargetAttributes = {
					30878A7927CA9A6D006AE172 = {
						CreatedOnToolsVersion = 13.2.1;
					};
				};
			};
			buildConfigurationList = 30878A7527CA9A6D006AE172 /* Build configuration list for PBXProject "SwiftUIConcurrency" */;
			compatibilityVersion = "Xcode 13.0";
			developmentRegion = en;
			hasScannedForEncodings = 0;
			knownRegions = (
				en,
				Base,
			);
			mainGroup = 30878A7127CA9A6D006AE172;
			packageReferences = (
				303E33E627CEF164006C113F /* XCRemoteSwiftPackageReference "apollo-ios" */,
			);
			productRefGroup = 30878A7B27CA9A6D006AE172 /* Products */;
			projectDirPath = "";
			projectRoot = "";
			targets = (
				30878A7927CA9A6D006AE172 /* SwiftUIConcurrency */,
			);
		};
/* End PBXProject section */

/* Begin PBXResourcesBuildPhase section */
		30878A7827CA9A6D006AE172 /* Resources */ = {
			isa = PBXResourcesBuildPhase;
			buildActionMask = 2147483647;
			files = (
				30878A8527CA9A6F006AE172 /* Preview Assets.xcassets in Resources */,
				30C0FB5B27D18D1A0098538E /* schema.json in Resources */,
				30878A8227CA9A6F006AE172 /* Assets.xcassets in Resources */,
				30303DDA27D22B60002AFD89 /* CourseData.json in Resources */,
				30303DE327D257CB002AFD89 /* SectionQuery.graphql in Resources */,
				30C0FB5D27D18F8A0098538E /* CourseQuery.graphql in Resources */,
			);
			runOnlyForDeploymentPostprocessing = 0;
		};
/* End PBXResourcesBuildPhase section */

/* Begin PBXShellScriptBuildPhase section */
		3006E0E127CF055400AF8021 /* Apollo */ = {
			isa = PBXShellScriptBuildPhase;
			buildActionMask = 8;
			files = (
			);
			inputFileListPaths = (
			);
			inputPaths = (
			);
			name = Apollo;
			outputFileListPaths = (
			);
			outputPaths = (
			);
			runOnlyForDeploymentPostprocessing = 1;
			shellPath = /bin/sh;
			shellScript = "# Don't run this during index builds\nif [ $ACTION = \"indexbuild\" ]; then exit 0; fi\n\n# Go to the build root and search up the chain to find the Derived Data Path where the source packages are checked out.\nDERIVED_DATA_CANDIDATE=\"${BUILD_ROOT}\"\n\nwhile ! [ -d \"${DERIVED_DATA_CANDIDATE}/SourcePackages\" ]; do\n  if [ \"${DERIVED_DATA_CANDIDATE}\" = / ]; then\n    echo >&2 \"error: Unable to locate SourcePackages directory from BUILD_ROOT: '${BUILD_ROOT}'\"\n    exit 1\n  fi\n\n  DERIVED_DATA_CANDIDATE=\"$(dirname \"${DERIVED_DATA_CANDIDATE}\")\"\ndone\n\n# Grab a reference to the directory where scripts are checked out\nSCRIPT_PATH=\"${DERIVED_DATA_CANDIDATE}/SourcePackages/checkouts/apollo-ios/scripts\"\n\nif [ -z \"${SCRIPT_PATH}\" ]; then\n    echo >&2 \"error: Couldn't find the CLI script in your checked out SPM packages; make sure to add the framework to your project.\"\n    exit 1\nfi\n\ncd \"${SRCROOT}/${TARGET_NAME}\"\n\"${SCRIPT_PATH}\"/run-bundled-codegen.sh apollo schema:download --header \"Authorization: Bearer 49ga-cH0U8EPTRselEIBL-qwQ4YOcLIZ4eyxtRrRdpg\" \\ --endpoint https://graphql.contentful.com/content/v1/spaces/fnkspikgw1vj/\n\n# \"${SCRIPT_PATH}\"/run-bundled-codegen.sh codegen:generate --target=swift --includes=./**/*.graphql --localSchemaFile=\"schema.json\" API.swift\n\n";
		};
/* End PBXShellScriptBuildPhase section */

/* Begin PBXSourcesBuildPhase section */
		30878A7627CA9A6D006AE172 /* Sources */ = {
			isa = PBXSourcesBuildPhase;
			buildActionMask = 2147483647;
			files = (
				30C0FB6827D193110098538E /* CourseViewModel.swift in Sources */,
				30C0FB6527D192330098538E /* Network.swift in Sources */,
				30878A8027CA9A6D006AE172 /* ContentView.swift in Sources */,
				3068F88627D7788C00F1CDD9 /* ResetPasswordView.swift in Sources */,
				30303DE527D258DB002AFD89 /* SectionModel.swift in Sources */,
				3068F88827D7788C00F1CDD9 /* SignUpView.swift in Sources */,
				30878A8F27CAA5E3006AE172 /* HomeView.swift in Sources */,
				30303DDE27D22B95002AFD89 /* PreviewData.swift in Sources */,
				30303DE927D27600002AFD89 /* SectionsView.swift in Sources */,
				30303DEB27D276F6002AFD89 /* SectionList.swift in Sources */,
				30878A9527CAAAAC006AE172 /* FeaturedCourseList.swift in Sources */,
				30878A7E27CA9A6D006AE172 /* SwiftUIConcurrencyApp.swift in Sources */,
				3068F88927D7788C00F1CDD9 /* GradientIcon.swift in Sources */,
				30303DE727D25A68002AFD89 /* SectionViewModel.swift in Sources */,
				30303DD827D222E7002AFD89 /* CourseModel.swift in Sources */,
				3068F88A27D7788C00F1CDD9 /* GradientButton.swift in Sources */,
				30878A9727CAAF3B006AE172 /* CourseCard.swift in Sources */,
				30878A9927CAB061006AE172 /* CouseList.swift in Sources */,
				30878A8D27CAA0DA006AE172 /* DateTitle.swift in Sources */,
				30303DDC27D22B6F002AFD89 /* LoadFromFile.swift in Sources */,
				30C0FB6227D191140098538E /* API.swift in Sources */,
				3068F88C27D778A300F1CDD9 /* ModalManager.swift in Sources */,
				30878A9327CAA6F6006AE172 /* FeaturedCourseCard.swift in Sources */,
				3068F88E27D7793200F1CDD9 /* ModalManagerView.swift in Sources */,
				3068F88027D777AE00F1CDD9 /* ProfileIcon.swift in Sources */,
				3068F88727D7788C00F1CDD9 /* SignInView.swift in Sources */,
				30303DE027D22DF1002AFD89 /* Color+Ext.swift in Sources */,
			);
			runOnlyForDeploymentPostprocessing = 0;
		};
/* End PBXSourcesBuildPhase section */

/* Begin XCBuildConfiguration section */
		30878A8627CA9A6F006AE172 /* Debug */ = {
			isa = XCBuildConfiguration;
			buildSettings = {
				ALWAYS_SEARCH_USER_PATHS = NO;
				CLANG_ANALYZER_NONNULL = YES;
				CLANG_ANALYZER_NUMBER_OBJECT_CONVERSION = YES_AGGRESSIVE;
				CLANG_CXX_LANGUAGE_STANDARD = "gnu++17";
				CLANG_CXX_LIBRARY = "libc++";
				CLANG_ENABLE_MODULES = YES;
				CLANG_ENABLE_OBJC_ARC = YES;
				CLANG_ENABLE_OBJC_WEAK = YES;
				CLANG_WARN_BLOCK_CAPTURE_AUTORELEASING = YES;
				CLANG_WARN_BOOL_CONVERSION = YES;
				CLANG_WARN_COMMA = YES;
				CLANG_WARN_CONSTANT_CONVERSION = YES;
				CLANG_WARN_DEPRECATED_OBJC_IMPLEMENTATIONS = YES;
				CLANG_WARN_DIRECT_OBJC_ISA_USAGE = YES_ERROR;
				CLANG_WARN_DOCUMENTATION_COMMENTS = YES;
				CLANG_WARN_EMPTY_BODY = YES;
				CLANG_WARN_ENUM_CONVERSION = YES;
				CLANG_WARN_INFINITE_RECURSION = YES;
				CLANG_WARN_INT_CONVERSION = YES;
				CLANG_WARN_NON_LITERAL_NULL_CONVERSION = YES;
				CLANG_WARN_OBJC_IMPLICIT_RETAIN_SELF = YES;
				CLANG_WARN_OBJC_LITERAL_CONVERSION = YES;
				CLANG_WARN_OBJC_ROOT_CLASS = YES_ERROR;
				CLANG_WARN_QUOTED_INCLUDE_IN_FRAMEWORK_HEADER = YES;
				CLANG_WARN_RANGE_LOOP_ANALYSIS = YES;
				CLANG_WARN_STRICT_PROTOTYPES = YES;
				CLANG_WARN_SUSPICIOUS_MOVE = YES;
				CLANG_WARN_UNGUARDED_AVAILABILITY = YES_AGGRESSIVE;
				CLANG_WARN_UNREACHABLE_CODE = YES;
				CLANG_WARN__DUPLICATE_METHOD_MATCH = YES;
				COPY_PHASE_STRIP = NO;
				DEBUG_INFORMATION_FORMAT = dwarf;
				ENABLE_STRICT_OBJC_MSGSEND = YES;
				ENABLE_TESTABILITY = YES;
				GCC_C_LANGUAGE_STANDARD = gnu11;
				GCC_DYNAMIC_NO_PIC = NO;
				GCC_NO_COMMON_BLOCKS = YES;
				GCC_OPTIMIZATION_LEVEL = 0;
				GCC_PREPROCESSOR_DEFINITIONS = (
					"DEBUG=1",
					"$(inherited)",
				);
				GCC_WARN_64_TO_32_BIT_CONVERSION = YES;
				GCC_WARN_ABOUT_RETURN_TYPE = YES_ERROR;
				GCC_WARN_UNDECLARED_SELECTOR = YES;
				GCC_WARN_UNINITIALIZED_AUTOS = YES_AGGRESSIVE;
				GCC_WARN_UNUSED_FUNCTION = YES;
				GCC_WARN_UNUSED_VARIABLE = YES;
				IPHONEOS_DEPLOYMENT_TARGET = 15.2;
				MTL_ENABLE_DEBUG_INFO = INCLUDE_SOURCE;
				MTL_FAST_MATH = YES;
				ONLY_ACTIVE_ARCH = YES;
				SDKROOT = iphoneos;
				SWIFT_ACTIVE_COMPILATION_CONDITIONS = DEBUG;
				SWIFT_OPTIMIZATION_LEVEL = "-Onone";
			};
			name = Debug;
		};
		30878A8727CA9A6F006AE172 /* Release */ = {
			isa = XCBuildConfiguration;
			buildSettings = {
				ALWAYS_SEARCH_USER_PATHS = NO;
				CLANG_ANALYZER_NONNULL = YES;
				CLANG_ANALYZER_NUMBER_OBJECT_CONVERSION = YES_AGGRESSIVE;
				CLANG_CXX_LANGUAGE_STANDARD = "gnu++17";
				CLANG_CXX_LIBRARY = "libc++";
				CLANG_ENABLE_MODULES = YES;
				CLANG_ENABLE_OBJC_ARC = YES;
				CLANG_ENABLE_OBJC_WEAK = YES;
				CLANG_WARN_BLOCK_CAPTURE_AUTORELEASING = YES;
				CLANG_WARN_BOOL_CONVERSION = YES;
				CLANG_WARN_COMMA = YES;
				CLANG_WARN_CONSTANT_CONVERSION = YES;
				CLANG_WARN_DEPRECATED_OBJC_IMPLEMENTATIONS = YES;
				CLANG_WARN_DIRECT_OBJC_ISA_USAGE = YES_ERROR;
				CLANG_WARN_DOCUMENTATION_COMMENTS = YES;
				CLANG_WARN_EMPTY_BODY = YES;
				CLANG_WARN_ENUM_CONVERSION = YES;
				CLANG_WARN_INFINITE_RECURSION = YES;
				CLANG_WARN_INT_CONVERSION = YES;
				CLANG_WARN_NON_LITERAL_NULL_CONVERSION = YES;
				CLANG_WARN_OBJC_IMPLICIT_RETAIN_SELF = YES;
				CLANG_WARN_OBJC_LITERAL_CONVERSION = YES;
				CLANG_WARN_OBJC_ROOT_CLASS = YES_ERROR;
				CLANG_WARN_QUOTED_INCLUDE_IN_FRAMEWORK_HEADER = YES;
				CLANG_WARN_RANGE_LOOP_ANALYSIS = YES;
				CLANG_WARN_STRICT_PROTOTYPES = YES;
				CLANG_WARN_SUSPICIOUS_MOVE = YES;
				CLANG_WARN_UNGUARDED_AVAILABILITY = YES_AGGRESSIVE;
				CLANG_WARN_UNREACHABLE_CODE = YES;
				CLANG_WARN__DUPLICATE_METHOD_MATCH = YES;
				COPY_PHASE_STRIP = NO;
				DEBUG_INFORMATION_FORMAT = "dwarf-with-dsym";
				ENABLE_NS_ASSERTIONS = NO;
				ENABLE_STRICT_OBJC_MSGSEND = YES;
				GCC_C_LANGUAGE_STANDARD = gnu11;
				GCC_NO_COMMON_BLOCKS = YES;
				GCC_WARN_64_TO_32_BIT_CONVERSION = YES;
				GCC_WARN_ABOUT_RETURN_TYPE = YES_ERROR;
				GCC_WARN_UNDECLARED_SELECTOR = YES;
				GCC_WARN_UNINITIALIZED_AUTOS = YES_AGGRESSIVE;
				GCC_WARN_UNUSED_FUNCTION = YES;
				GCC_WARN_UNUSED_VARIABLE = YES;
				IPHONEOS_DEPLOYMENT_TARGET = 15.2;
				MTL_ENABLE_DEBUG_INFO = NO;
				MTL_FAST_MATH = YES;
				SDKROOT = iphoneos;
				SWIFT_COMPILATION_MODE = wholemodule;
				SWIFT_OPTIMIZATION_LEVEL = "-O";
				VALIDATE_PRODUCT = YES;
			};
			name = Release;
		};
		30878A8927CA9A6F006AE172 /* Debug */ = {
			isa = XCBuildConfiguration;
			buildSettings = {
				ASSETCATALOG_COMPILER_APPICON_NAME = AppIcon;
				ASSETCATALOG_COMPILER_GLOBAL_ACCENT_COLOR_NAME = AccentColor;
				CODE_SIGN_ENTITLEMENTS = SwiftUIConcurrency/SwiftUIConcurrency.entitlements;
				CODE_SIGN_STYLE = Automatic;
				CURRENT_PROJECT_VERSION = 1;
				DEVELOPMENT_ASSET_PATHS = "\"SwiftUIConcurrency/Preview Content\"";
				DEVELOPMENT_TEAM = N4Y99Y6PT4;
				ENABLE_PREVIEWS = YES;
				GENERATE_INFOPLIST_FILE = YES;
				INFOPLIST_KEY_UIApplicationSceneManifest_Generation = YES;
				INFOPLIST_KEY_UIApplicationSupportsIndirectInputEvents = YES;
				INFOPLIST_KEY_UILaunchScreen_Generation = YES;
				INFOPLIST_KEY_UISupportedInterfaceOrientations_iPad = "UIInterfaceOrientationPortrait UIInterfaceOrientationPortraitUpsideDown UIInterfaceOrientationLandscapeLeft UIInterfaceOrientationLandscapeRight";
				INFOPLIST_KEY_UISupportedInterfaceOrientations_iPhone = "UIInterfaceOrientationPortrait UIInterfaceOrientationLandscapeLeft UIInterfaceOrientationLandscapeRight";
				LD_RUNPATH_SEARCH_PATHS = (
					"$(inherited)",
					"@executable_path/Frameworks",
				);
				MARKETING_VERSION = 1.0;
				PRODUCT_BUNDLE_IDENTIFIER = com.AliAghamirbabaei.SwiftUIConcurrency;
				PRODUCT_NAME = "$(TARGET_NAME)";
				SUPPORTS_MACCATALYST = YES;
				SWIFT_EMIT_LOC_STRINGS = YES;
				SWIFT_VERSION = 5.0;
				TARGETED_DEVICE_FAMILY = "1,2";
			};
			name = Debug;
		};
		30878A8A27CA9A6F006AE172 /* Release */ = {
			isa = XCBuildConfiguration;
			buildSettings = {
				ASSETCATALOG_COMPILER_APPICON_NAME = AppIcon;
				ASSETCATALOG_COMPILER_GLOBAL_ACCENT_COLOR_NAME = AccentColor;
				CODE_SIGN_ENTITLEMENTS = SwiftUIConcurrency/SwiftUIConcurrency.entitlements;
				CODE_SIGN_STYLE = Automatic;
				CURRENT_PROJECT_VERSION = 1;
				DEVELOPMENT_ASSET_PATHS = "\"SwiftUIConcurrency/Preview Content\"";
				DEVELOPMENT_TEAM = N4Y99Y6PT4;
				ENABLE_PREVIEWS = YES;
				GENERATE_INFOPLIST_FILE = YES;
				INFOPLIST_KEY_UIApplicationSceneManifest_Generation = YES;
				INFOPLIST_KEY_UIApplicationSupportsIndirectInputEvents = YES;
				INFOPLIST_KEY_UILaunchScreen_Generation = YES;
				INFOPLIST_KEY_UISupportedInterfaceOrientations_iPad = "UIInterfaceOrientationPortrait UIInterfaceOrientationPortraitUpsideDown UIInterfaceOrientationLandscapeLeft UIInterfaceOrientationLandscapeRight";
				INFOPLIST_KEY_UISupportedInterfaceOrientations_iPhone = "UIInterfaceOrientationPortrait UIInterfaceOrientationLandscapeLeft UIInterfaceOrientationLandscapeRight";
				LD_RUNPATH_SEARCH_PATHS = (
					"$(inherited)",
					"@executable_path/Frameworks",
				);
				MARKETING_VERSION = 1.0;
				PRODUCT_BUNDLE_IDENTIFIER = com.AliAghamirbabaei.SwiftUIConcurrency;
				PRODUCT_NAME = "$(TARGET_NAME)";
				SUPPORTS_MACCATALYST = YES;
				SWIFT_EMIT_LOC_STRINGS = YES;
				SWIFT_VERSION = 5.0;
				TARGETED_DEVICE_FAMILY = "1,2";
			};
			name = Release;
		};
/* End XCBuildConfiguration section */

/* Begin XCConfigurationList section */
		30878A7527CA9A6D006AE172 /* Build configuration list for PBXProject "SwiftUIConcurrency" */ = {
			isa = XCConfigurationList;
			buildConfigurations = (
				30878A8627CA9A6F006AE172 /* Debug */,
				30878A8727CA9A6F006AE172 /* Release */,
			);
			defaultConfigurationIsVisible = 0;
			defaultConfigurationName = Release;
		};
		30878A8827CA9A6F006AE172 /* Build configuration list for PBXNativeTarget "SwiftUIConcurrency" */ = {
			isa = XCConfigurationList;
			buildConfigurations = (
				30878A8927CA9A6F006AE172 /* Debug */,
				30878A8A27CA9A6F006AE172 /* Release */,
			);
			defaultConfigurationIsVisible = 0;
			defaultConfigurationName = Release;
		};
/* End XCConfigurationList section */

/* Begin XCRemoteSwiftPackageReference section */
		303E33E627CEF164006C113F /* XCRemoteSwiftPackageReference "apollo-ios" */ = {
			isa = XCRemoteSwiftPackageReference;
			repositoryURL = "https://github.com/apollographql/apollo-ios.git";
			requirement = {
				kind = upToNextMajorVersion;
				minimumVersion = 0.9.5;
			};
		};
/* End XCRemoteSwiftPackageReference section */

/* Begin XCSwiftPackageProductDependency section */
		303E33E727CEF164006C113F /* Apollo */ = {
			isa = XCSwiftPackageProductDependency;
			package = 303E33E627CEF164006C113F /* XCRemoteSwiftPackageReference "apollo-ios" */;
			productName = Apollo;
		};
/* End XCSwiftPackageProductDependency section */
	};
	rootObject = 30878A7227CA9A6D006AE172 /* Project object */;
}
